// !$*UTF8*$!
{
	archiveVersion = 1;
	classes = {
	};
	objectVersion = 56;
	objects = {

/* Begin PBXBuildFile section */
		BCD586542C6514A9005605D9 /* MatchMateApp.swift in Sources */ = {isa = PBXBuildFile; fileRef = BCD586532C6514A9005605D9 /* MatchMateApp.swift */; };
		BCD586582C6514AC005605D9 /* Assets.xcassets in Resources */ = {isa = PBXBuildFile; fileRef = BCD586572C6514AC005605D9 /* Assets.xcassets */; };
		BCD5865B2C6514AC005605D9 /* Preview Assets.xcassets in Resources */ = {isa = PBXBuildFile; fileRef = BCD5865A2C6514AC005605D9 /* Preview Assets.xcassets */; };
		BCD5865D2C6514AC005605D9 /* Persistence.swift in Sources */ = {isa = PBXBuildFile; fileRef = BCD5865C2C6514AC005605D9 /* Persistence.swift */; };
		BCD586602C6514AC005605D9 /* MatchMate.xcdatamodeld in Sources */ = {isa = PBXBuildFile; fileRef = BCD5865E2C6514AC005605D9 /* MatchMate.xcdatamodeld */; };
		BCD5866A2C6514AD005605D9 /* MatchMateTests.swift in Sources */ = {isa = PBXBuildFile; fileRef = BCD586692C6514AD005605D9 /* MatchMateTests.swift */; };
		BCD586742C6514AD005605D9 /* MatchMateUITests.swift in Sources */ = {isa = PBXBuildFile; fileRef = BCD586732C6514AD005605D9 /* MatchMateUITests.swift */; };
		BCD586762C6514AD005605D9 /* MatchMateUITestsLaunchTests.swift in Sources */ = {isa = PBXBuildFile; fileRef = BCD586752C6514AD005605D9 /* MatchMateUITestsLaunchTests.swift */; };
		BCD586862C6515B7005605D9 /* HomeScreenView.swift in Sources */ = {isa = PBXBuildFile; fileRef = BCD586852C6515B7005605D9 /* HomeScreenView.swift */; };
		BCD586882C6515CD005605D9 /* HomeScreenViewModel.swift in Sources */ = {isa = PBXBuildFile; fileRef = BCD586872C6515CD005605D9 /* HomeScreenViewModel.swift */; };
		BCD586C12C652545005605D9 /* GetMatchesRequestModel.swift in Sources */ = {isa = PBXBuildFile; fileRef = BCD586B22C652545005605D9 /* GetMatchesRequestModel.swift */; };
		BCD586C62C652545005605D9 /* MatchesResponseModel.swift in Sources */ = {isa = PBXBuildFile; fileRef = BCD586B92C652545005605D9 /* MatchesResponseModel.swift */; };
		BCD586CA2C652545005605D9 /* MatchServices.swift in Sources */ = {isa = PBXBuildFile; fileRef = BCD586BE2C652545005605D9 /* MatchServices.swift */; };
		BCD586CC2C652689005605D9 /* NetworkManager.swift in Sources */ = {isa = PBXBuildFile; fileRef = BCD586CB2C652689005605D9 /* NetworkManager.swift */; };
		BCD586CE2C652690005605D9 /* NetworkConstants.swift in Sources */ = {isa = PBXBuildFile; fileRef = BCD586CD2C652690005605D9 /* NetworkConstants.swift */; };
		BCD586D02C652695005605D9 /* APIConstants.swift in Sources */ = {isa = PBXBuildFile; fileRef = BCD586CF2C652695005605D9 /* APIConstants.swift */; };
		BCD586D22C6526AC005605D9 /* RequestModel.swift in Sources */ = {isa = PBXBuildFile; fileRef = BCD586D12C6526AC005605D9 /* RequestModel.swift */; };
		BCD586D42C6526C2005605D9 /* ErrorModel.swift in Sources */ = {isa = PBXBuildFile; fileRef = BCD586D32C6526C2005605D9 /* ErrorModel.swift */; };
		BCD586D92C652932005605D9 /* MatchCardView.swift in Sources */ = {isa = PBXBuildFile; fileRef = BCD586D82C652932005605D9 /* MatchCardView.swift */; };
		BCD586DB2C655557005605D9 /* MatchModel.swift in Sources */ = {isa = PBXBuildFile; fileRef = BCD586DA2C655557005605D9 /* MatchModel.swift */; };
		BCD586DD2C658BDD005605D9 /* RespondedMatchesView.swift in Sources */ = {isa = PBXBuildFile; fileRef = BCD586DC2C658BDD005605D9 /* RespondedMatchesView.swift */; };
		BCD586DF2C65E8BA005605D9 /* GetSingleMatchRequestModel.swift in Sources */ = {isa = PBXBuildFile; fileRef = BCD586DE2C65E8BA005605D9 /* GetSingleMatchRequestModel.swift */; };
		BCD586E22C65EBFD005605D9 /* StringConstants.swift in Sources */ = {isa = PBXBuildFile; fileRef = BCD586E12C65EBFD005605D9 /* StringConstants.swift */; };
/* End PBXBuildFile section */

/* Begin PBXContainerItemProxy section */
		BCD586662C6514AD005605D9 /* PBXContainerItemProxy */ = {
			isa = PBXContainerItemProxy;
			containerPortal = BCD586482C6514A9005605D9 /* Project object */;
			proxyType = 1;
			remoteGlobalIDString = BCD5864F2C6514A9005605D9;
			remoteInfo = MatchMate;
		};
		BCD586702C6514AD005605D9 /* PBXContainerItemProxy */ = {
			isa = PBXContainerItemProxy;
			containerPortal = BCD586482C6514A9005605D9 /* Project object */;
			proxyType = 1;
			remoteGlobalIDString = BCD5864F2C6514A9005605D9;
			remoteInfo = MatchMate;
		};
/* End PBXContainerItemProxy section */

/* Begin PBXFileReference section */
		BCD586502C6514A9005605D9 /* MatchMate.app */ = {isa = PBXFileReference; explicitFileType = wrapper.application; includeInIndex = 0; path = MatchMate.app; sourceTree = BUILT_PRODUCTS_DIR; };
		BCD586532C6514A9005605D9 /* MatchMateApp.swift */ = {isa = PBXFileReference; lastKnownFileType = sourcecode.swift; path = MatchMateApp.swift; sourceTree = "<group>"; };
		BCD586572C6514AC005605D9 /* Assets.xcassets */ = {isa = PBXFileReference; lastKnownFileType = folder.assetcatalog; path = Assets.xcassets; sourceTree = "<group>"; };
		BCD5865A2C6514AC005605D9 /* Preview Assets.xcassets */ = {isa = PBXFileReference; lastKnownFileType = folder.assetcatalog; path = "Preview Assets.xcassets"; sourceTree = "<group>"; };
		BCD5865C2C6514AC005605D9 /* Persistence.swift */ = {isa = PBXFileReference; lastKnownFileType = sourcecode.swift; path = Persistence.swift; sourceTree = "<group>"; };
		BCD5865F2C6514AC005605D9 /* MatchMate.xcdatamodel */ = {isa = PBXFileReference; lastKnownFileType = wrapper.xcdatamodel; path = MatchMate.xcdatamodel; sourceTree = "<group>"; };
		BCD586652C6514AD005605D9 /* MatchMateTests.xctest */ = {isa = PBXFileReference; explicitFileType = wrapper.cfbundle; includeInIndex = 0; path = MatchMateTests.xctest; sourceTree = BUILT_PRODUCTS_DIR; };
		BCD586692C6514AD005605D9 /* MatchMateTests.swift */ = {isa = PBXFileReference; lastKnownFileType = sourcecode.swift; path = MatchMateTests.swift; sourceTree = "<group>"; };
		BCD5866F2C6514AD005605D9 /* MatchMateUITests.xctest */ = {isa = PBXFileReference; explicitFileType = wrapper.cfbundle; includeInIndex = 0; path = MatchMateUITests.xctest; sourceTree = BUILT_PRODUCTS_DIR; };
		BCD586732C6514AD005605D9 /* MatchMateUITests.swift */ = {isa = PBXFileReference; lastKnownFileType = sourcecode.swift; path = MatchMateUITests.swift; sourceTree = "<group>"; };
		BCD586752C6514AD005605D9 /* MatchMateUITestsLaunchTests.swift */ = {isa = PBXFileReference; lastKnownFileType = sourcecode.swift; path = MatchMateUITestsLaunchTests.swift; sourceTree = "<group>"; };
		BCD586852C6515B7005605D9 /* HomeScreenView.swift */ = {isa = PBXFileReference; lastKnownFileType = sourcecode.swift; path = HomeScreenView.swift; sourceTree = "<group>"; };
		BCD586872C6515CD005605D9 /* HomeScreenViewModel.swift */ = {isa = PBXFileReference; lastKnownFileType = sourcecode.swift; path = HomeScreenViewModel.swift; sourceTree = "<group>"; };
		BCD586B22C652545005605D9 /* GetMatchesRequestModel.swift */ = {isa = PBXFileReference; fileEncoding = 4; lastKnownFileType = sourcecode.swift; path = GetMatchesRequestModel.swift; sourceTree = "<group>"; };
		BCD586B92C652545005605D9 /* MatchesResponseModel.swift */ = {isa = PBXFileReference; fileEncoding = 4; lastKnownFileType = sourcecode.swift; path = MatchesResponseModel.swift; sourceTree = "<group>"; };
		BCD586BE2C652545005605D9 /* MatchServices.swift */ = {isa = PBXFileReference; fileEncoding = 4; lastKnownFileType = sourcecode.swift; path = MatchServices.swift; sourceTree = "<group>"; };
		BCD586CB2C652689005605D9 /* NetworkManager.swift */ = {isa = PBXFileReference; fileEncoding = 4; lastKnownFileType = sourcecode.swift; path = NetworkManager.swift; sourceTree = "<group>"; };
		BCD586CD2C652690005605D9 /* NetworkConstants.swift */ = {isa = PBXFileReference; fileEncoding = 4; lastKnownFileType = sourcecode.swift; path = NetworkConstants.swift; sourceTree = "<group>"; };
		BCD586CF2C652695005605D9 /* APIConstants.swift */ = {isa = PBXFileReference; fileEncoding = 4; lastKnownFileType = sourcecode.swift; path = APIConstants.swift; sourceTree = "<group>"; };
		BCD586D12C6526AC005605D9 /* RequestModel.swift */ = {isa = PBXFileReference; fileEncoding = 4; lastKnownFileType = sourcecode.swift; path = RequestModel.swift; sourceTree = "<group>"; };
		BCD586D32C6526C2005605D9 /* ErrorModel.swift */ = {isa = PBXFileReference; fileEncoding = 4; lastKnownFileType = sourcecode.swift; path = ErrorModel.swift; sourceTree = "<group>"; };
		BCD586D82C652932005605D9 /* MatchCardView.swift */ = {isa = PBXFileReference; lastKnownFileType = sourcecode.swift; path = MatchCardView.swift; sourceTree = "<group>"; };
		BCD586DA2C655557005605D9 /* MatchModel.swift */ = {isa = PBXFileReference; lastKnownFileType = sourcecode.swift; path = MatchModel.swift; sourceTree = "<group>"; };
		BCD586DC2C658BDD005605D9 /* RespondedMatchesView.swift */ = {isa = PBXFileReference; lastKnownFileType = sourcecode.swift; path = RespondedMatchesView.swift; sourceTree = "<group>"; };
		BCD586DE2C65E8BA005605D9 /* GetSingleMatchRequestModel.swift */ = {isa = PBXFileReference; lastKnownFileType = sourcecode.swift; path = GetSingleMatchRequestModel.swift; sourceTree = "<group>"; };
		BCD586E12C65EBFD005605D9 /* StringConstants.swift */ = {isa = PBXFileReference; lastKnownFileType = sourcecode.swift; path = StringConstants.swift; sourceTree = "<group>"; };
/* End PBXFileReference section */

/* Begin PBXFrameworksBuildPhase section */
		BCD5864D2C6514A9005605D9 /* Frameworks */ = {
			isa = PBXFrameworksBuildPhase;
			buildActionMask = 2147483647;
			files = (
			);
			runOnlyForDeploymentPostprocessing = 0;
		};
		BCD586622C6514AD005605D9 /* Frameworks */ = {
			isa = PBXFrameworksBuildPhase;
			buildActionMask = 2147483647;
			files = (
			);
			runOnlyForDeploymentPostprocessing = 0;
		};
		BCD5866C2C6514AD005605D9 /* Frameworks */ = {
			isa = PBXFrameworksBuildPhase;
			buildActionMask = 2147483647;
			files = (
			);
			runOnlyForDeploymentPostprocessing = 0;
		};
/* End PBXFrameworksBuildPhase section */

/* Begin PBXGroup section */
		BCD586472C6514A9005605D9 = {
			isa = PBXGroup;
			children = (
				BCD586522C6514A9005605D9 /* MatchMate */,
				BCD586682C6514AD005605D9 /* MatchMateTests */,
				BCD586722C6514AD005605D9 /* MatchMateUITests */,
				BCD586512C6514A9005605D9 /* Products */,
			);
			sourceTree = "<group>";
		};
		BCD586512C6514A9005605D9 /* Products */ = {
			isa = PBXGroup;
			children = (
				BCD586502C6514A9005605D9 /* MatchMate.app */,
				BCD586652C6514AD005605D9 /* MatchMateTests.xctest */,
				BCD5866F2C6514AD005605D9 /* MatchMateUITests.xctest */,
			);
			name = Products;
			sourceTree = "<group>";
		};
		BCD586522C6514A9005605D9 /* MatchMate */ = {
			isa = PBXGroup;
			children = (
				BCD586E02C65EBE6005605D9 /* Constants */,
				BCD586C02C652545005605D9 /* Network */,
				BCD586842C651592005605D9 /* HelperViews */,
				BCD586822C651565005605D9 /* Features */,
				BCD586532C6514A9005605D9 /* MatchMateApp.swift */,
				BCD586572C6514AC005605D9 /* Assets.xcassets */,
				BCD5865C2C6514AC005605D9 /* Persistence.swift */,
				BCD5865E2C6514AC005605D9 /* MatchMate.xcdatamodeld */,
				BCD586592C6514AC005605D9 /* Preview Content */,
			);
			path = MatchMate;
			sourceTree = "<group>";
		};
		BCD586592C6514AC005605D9 /* Preview Content */ = {
			isa = PBXGroup;
			children = (
				BCD5865A2C6514AC005605D9 /* Preview Assets.xcassets */,
			);
			path = "Preview Content";
			sourceTree = "<group>";
		};
		BCD586682C6514AD005605D9 /* MatchMateTests */ = {
			isa = PBXGroup;
			children = (
				BCD586692C6514AD005605D9 /* MatchMateTests.swift */,
			);
			path = MatchMateTests;
			sourceTree = "<group>";
		};
		BCD586722C6514AD005605D9 /* MatchMateUITests */ = {
			isa = PBXGroup;
			children = (
				BCD586732C6514AD005605D9 /* MatchMateUITests.swift */,
				BCD586752C6514AD005605D9 /* MatchMateUITestsLaunchTests.swift */,
			);
			path = MatchMateUITests;
			sourceTree = "<group>";
		};
		BCD586822C651565005605D9 /* Features */ = {
			isa = PBXGroup;
			children = (
				BCD586832C65157B005605D9 /* HomeScreen */,
			);
			path = Features;
			sourceTree = "<group>";
		};
		BCD586832C65157B005605D9 /* HomeScreen */ = {
			isa = PBXGroup;
			children = (
				BCD586D72C6527A3005605D9 /* Models */,
				BCD586D62C652799005605D9 /* ViewModel */,
				BCD586D52C652791005605D9 /* View */,
			);
			path = HomeScreen;
			sourceTree = "<group>";
		};
		BCD586842C651592005605D9 /* HelperViews */ = {
			isa = PBXGroup;
			children = (
			);
			path = HelperViews;
			sourceTree = "<group>";
		};
		BCD586B02C652545005605D9 /* Error */ = {
			isa = PBXGroup;
			children = (
				BCD586D32C6526C2005605D9 /* ErrorModel.swift */,
			);
			path = Error;
			sourceTree = "<group>";
		};
		BCD586B12C652545005605D9 /* Manager */ = {
			isa = PBXGroup;
			children = (
				BCD586CB2C652689005605D9 /* NetworkManager.swift */,
				BCD586CD2C652690005605D9 /* NetworkConstants.swift */,
				BCD586CF2C652695005605D9 /* APIConstants.swift */,
			);
			path = Manager;
			sourceTree = "<group>";
		};
		BCD586B72C652545005605D9 /* FetchMatches */ = {
			isa = PBXGroup;
			children = (
				BCD586B22C652545005605D9 /* GetMatchesRequestModel.swift */,
				BCD586DE2C65E8BA005605D9 /* GetSingleMatchRequestModel.swift */,
			);
			path = FetchMatches;
			sourceTree = "<group>";
		};
		BCD586B82C652545005605D9 /* RequestModels */ = {
			isa = PBXGroup;
			children = (
				BCD586D12C6526AC005605D9 /* RequestModel.swift */,
				BCD586B72C652545005605D9 /* FetchMatches */,
			);
			path = RequestModels;
			sourceTree = "<group>";
		};
		BCD586BD2C652545005605D9 /* ResponseModels */ = {
			isa = PBXGroup;
			children = (
				BCD586B92C652545005605D9 /* MatchesResponseModel.swift */,
			);
			path = ResponseModels;
			sourceTree = "<group>";
		};
		BCD586BF2C652545005605D9 /* Services */ = {
			isa = PBXGroup;
			children = (
				BCD586BE2C652545005605D9 /* MatchServices.swift */,
			);
			path = Services;
			sourceTree = "<group>";
		};
		BCD586C02C652545005605D9 /* Network */ = {
			isa = PBXGroup;
			children = (
				BCD586B02C652545005605D9 /* Error */,
				BCD586B12C652545005605D9 /* Manager */,
				BCD586B82C652545005605D9 /* RequestModels */,
				BCD586BD2C652545005605D9 /* ResponseModels */,
				BCD586BF2C652545005605D9 /* Services */,
			);
			path = Network;
			sourceTree = "<group>";
		};
		BCD586D52C652791005605D9 /* View */ = {
			isa = PBXGroup;
			children = (
				BCD586852C6515B7005605D9 /* HomeScreenView.swift */,
				BCD586D82C652932005605D9 /* MatchCardView.swift */,
				BCD586DC2C658BDD005605D9 /* RespondedMatchesView.swift */,
			);
			path = View;
			sourceTree = "<group>";
		};
		BCD586D62C652799005605D9 /* ViewModel */ = {
			isa = PBXGroup;
			children = (
				BCD586872C6515CD005605D9 /* HomeScreenViewModel.swift */,
			);
			path = ViewModel;
			sourceTree = "<group>";
		};
		BCD586D72C6527A3005605D9 /* Models */ = {
			isa = PBXGroup;
			children = (
				BCD586DA2C655557005605D9 /* MatchModel.swift */,
			);
			path = Models;
			sourceTree = "<group>";
		};
		BCD586E02C65EBE6005605D9 /* Constants */ = {
			isa = PBXGroup;
			children = (
				BCD586E12C65EBFD005605D9 /* StringConstants.swift */,
			);
			path = Constants;
			sourceTree = "<group>";
		};
/* End PBXGroup section */

/* Begin PBXNativeTarget section */
		BCD5864F2C6514A9005605D9 /* MatchMate */ = {
			isa = PBXNativeTarget;
			buildConfigurationList = BCD586792C6514AD005605D9 /* Build configuration list for PBXNativeTarget "MatchMate" */;
			buildPhases = (
				BCD5864C2C6514A9005605D9 /* Sources */,
				BCD5864D2C6514A9005605D9 /* Frameworks */,
				BCD5864E2C6514A9005605D9 /* Resources */,
			);
			buildRules = (
			);
			dependencies = (
			);
			name = MatchMate;
			productName = MatchMate;
			productReference = BCD586502C6514A9005605D9 /* MatchMate.app */;
			productType = "com.apple.product-type.application";
		};
		BCD586642C6514AD005605D9 /* MatchMateTests */ = {
			isa = PBXNativeTarget;
			buildConfigurationList = BCD5867C2C6514AD005605D9 /* Build configuration list for PBXNativeTarget "MatchMateTests" */;
			buildPhases = (
				BCD586612C6514AD005605D9 /* Sources */,
				BCD586622C6514AD005605D9 /* Frameworks */,
				BCD586632C6514AD005605D9 /* Resources */,
			);
			buildRules = (
			);
			dependencies = (
				BCD586672C6514AD005605D9 /* PBXTargetDependency */,
			);
			name = MatchMateTests;
			productName = MatchMateTests;
			productReference = BCD586652C6514AD005605D9 /* MatchMateTests.xctest */;
			productType = "com.apple.product-type.bundle.unit-test";
		};
		BCD5866E2C6514AD005605D9 /* MatchMateUITests */ = {
			isa = PBXNativeTarget;
			buildConfigurationList = BCD5867F2C6514AD005605D9 /* Build configuration list for PBXNativeTarget "MatchMateUITests" */;
			buildPhases = (
				BCD5866B2C6514AD005605D9 /* Sources */,
				BCD5866C2C6514AD005605D9 /* Frameworks */,
				BCD5866D2C6514AD005605D9 /* Resources */,
			);
			buildRules = (
			);
			dependencies = (
				BCD586712C6514AD005605D9 /* PBXTargetDependency */,
			);
			name = MatchMateUITests;
			productName = MatchMateUITests;
			productReference = BCD5866F2C6514AD005605D9 /* MatchMateUITests.xctest */;
			productType = "com.apple.product-type.bundle.ui-testing";
		};
/* End PBXNativeTarget section */

/* Begin PBXProject section */
		BCD586482C6514A9005605D9 /* Project object */ = {
			isa = PBXProject;
			attributes = {
				BuildIndependentTargetsInParallel = 1;
				LastSwiftUpdateCheck = 1530;
				LastUpgradeCheck = 1530;
				TargetAttributes = {
					BCD5864F2C6514A9005605D9 = {
						CreatedOnToolsVersion = 15.3;
					};
					BCD586642C6514AD005605D9 = {
						CreatedOnToolsVersion = 15.3;
						TestTargetID = BCD5864F2C6514A9005605D9;
					};
					BCD5866E2C6514AD005605D9 = {
						CreatedOnToolsVersion = 15.3;
						TestTargetID = BCD5864F2C6514A9005605D9;
					};
				};
			};
			buildConfigurationList = BCD5864B2C6514A9005605D9 /* Build configuration list for PBXProject "MatchMate" */;
			compatibilityVersion = "Xcode 14.0";
			developmentRegion = en;
			hasScannedForEncodings = 0;
			knownRegions = (
				en,
				Base,
			);
			mainGroup = BCD586472C6514A9005605D9;
			productRefGroup = BCD586512C6514A9005605D9 /* Products */;
			projectDirPath = "";
			projectRoot = "";
			targets = (
				BCD5864F2C6514A9005605D9 /* MatchMate */,
				BCD586642C6514AD005605D9 /* MatchMateTests */,
				BCD5866E2C6514AD005605D9 /* MatchMateUITests */,
			);
		};
/* End PBXProject section */

/* Begin PBXResourcesBuildPhase section */
		BCD5864E2C6514A9005605D9 /* Resources */ = {
			isa = PBXResourcesBuildPhase;
			buildActionMask = 2147483647;
			files = (
				BCD5865B2C6514AC005605D9 /* Preview Assets.xcassets in Resources */,
				BCD586582C6514AC005605D9 /* Assets.xcassets in Resources */,
			);
			runOnlyForDeploymentPostprocessing = 0;
		};
		BCD586632C6514AD005605D9 /* Resources */ = {
			isa = PBXResourcesBuildPhase;
			buildActionMask = 2147483647;
			files = (
			);
			runOnlyForDeploymentPostprocessing = 0;
		};
		BCD5866D2C6514AD005605D9 /* Resources */ = {
			isa = PBXResourcesBuildPhase;
			buildActionMask = 2147483647;
			files = (
			);
			runOnlyForDeploymentPostprocessing = 0;
		};
/* End PBXResourcesBuildPhase section */

/* Begin PBXSourcesBuildPhase section */
		BCD5864C2C6514A9005605D9 /* Sources */ = {
			isa = PBXSourcesBuildPhase;
			buildActionMask = 2147483647;
			files = (
				BCD586D42C6526C2005605D9 /* ErrorModel.swift in Sources */,
				BCD5865D2C6514AC005605D9 /* Persistence.swift in Sources */,
				BCD586E22C65EBFD005605D9 /* StringConstants.swift in Sources */,
				BCD586C62C652545005605D9 /* MatchesResponseModel.swift in Sources */,
				BCD586D22C6526AC005605D9 /* RequestModel.swift in Sources */,
				BCD586CE2C652690005605D9 /* NetworkConstants.swift in Sources */,
				BCD586CC2C652689005605D9 /* NetworkManager.swift in Sources */,
				BCD586882C6515CD005605D9 /* HomeScreenViewModel.swift in Sources */,
				BCD586CA2C652545005605D9 /* MatchServices.swift in Sources */,
				BCD586DB2C655557005605D9 /* MatchModel.swift in Sources */,
				BCD586DD2C658BDD005605D9 /* RespondedMatchesView.swift in Sources */,
				BCD586862C6515B7005605D9 /* HomeScreenView.swift in Sources */,
				BCD586D02C652695005605D9 /* APIConstants.swift in Sources */,
				BCD586D92C652932005605D9 /* MatchCardView.swift in Sources */,
				BCD586602C6514AC005605D9 /* MatchMate.xcdatamodeld in Sources */,
				BCD586542C6514A9005605D9 /* MatchMateApp.swift in Sources */,
				BCD586C12C652545005605D9 /* GetMatchesRequestModel.swift in Sources */,
				BCD586DF2C65E8BA005605D9 /* GetSingleMatchRequestModel.swift in Sources */,
			);
			runOnlyForDeploymentPostprocessing = 0;
		};
		BCD586612C6514AD005605D9 /* Sources */ = {
			isa = PBXSourcesBuildPhase;
			buildActionMask = 2147483647;
			files = (
				BCD5866A2C6514AD005605D9 /* MatchMateTests.swift in Sources */,
			);
			runOnlyForDeploymentPostprocessing = 0;
		};
		BCD5866B2C6514AD005605D9 /* Sources */ = {
			isa = PBXSourcesBuildPhase;
			buildActionMask = 2147483647;
			files = (
				BCD586742C6514AD005605D9 /* MatchMateUITests.swift in Sources */,
				BCD586762C6514AD005605D9 /* MatchMateUITestsLaunchTests.swift in Sources */,
			);
			runOnlyForDeploymentPostprocessing = 0;
		};
/* End PBXSourcesBuildPhase section */

/* Begin PBXTargetDependency section */
		BCD586672C6514AD005605D9 /* PBXTargetDependency */ = {
			isa = PBXTargetDependency;
			target = BCD5864F2C6514A9005605D9 /* MatchMate */;
			targetProxy = BCD586662C6514AD005605D9 /* PBXContainerItemProxy */;
		};
		BCD586712C6514AD005605D9 /* PBXTargetDependency */ = {
			isa = PBXTargetDependency;
			target = BCD5864F2C6514A9005605D9 /* MatchMate */;
			targetProxy = BCD586702C6514AD005605D9 /* PBXContainerItemProxy */;
		};
/* End PBXTargetDependency section */

/* Begin XCBuildConfiguration section */
		BCD586772C6514AD005605D9 /* Debug */ = {
			isa = XCBuildConfiguration;
			buildSettings = {
				ALWAYS_SEARCH_USER_PATHS = NO;
				ASSETCATALOG_COMPILER_GENERATE_SWIFT_ASSET_SYMBOL_EXTENSIONS = YES;
				CLANG_ANALYZER_NONNULL = YES;
				CLANG_ANALYZER_NUMBER_OBJECT_CONVERSION = YES_AGGRESSIVE;
				CLANG_CXX_LANGUAGE_STANDARD = "gnu++20";
				CLANG_ENABLE_MODULES = YES;
				CLANG_ENABLE_OBJC_ARC = YES;
				CLANG_ENABLE_OBJC_WEAK = YES;
				CLANG_WARN_BLOCK_CAPTURE_AUTORELEASING = YES;
				CLANG_WARN_BOOL_CONVERSION = YES;
				CLANG_WARN_COMMA = YES;
				CLANG_WARN_CONSTANT_CONVERSION = YES;
				CLANG_WARN_DEPRECATED_OBJC_IMPLEMENTATIONS = YES;
				CLANG_WARN_DIRECT_OBJC_ISA_USAGE = YES_ERROR;
				CLANG_WARN_DOCUMENTATION_COMMENTS = YES;
				CLANG_WARN_EMPTY_BODY = YES;
				CLANG_WARN_ENUM_CONVERSION = YES;
				CLANG_WARN_INFINITE_RECURSION = YES;
				CLANG_WARN_INT_CONVERSION = YES;
				CLANG_WARN_NON_LITERAL_NULL_CONVERSION = YES;
				CLANG_WARN_OBJC_IMPLICIT_RETAIN_SELF = YES;
				CLANG_WARN_OBJC_LITERAL_CONVERSION = YES;
				CLANG_WARN_OBJC_ROOT_CLASS = YES_ERROR;
				CLANG_WARN_QUOTED_INCLUDE_IN_FRAMEWORK_HEADER = YES;
				CLANG_WARN_RANGE_LOOP_ANALYSIS = YES;
				CLANG_WARN_STRICT_PROTOTYPES = YES;
				CLANG_WARN_SUSPICIOUS_MOVE = YES;
				CLANG_WARN_UNGUARDED_AVAILABILITY = YES_AGGRESSIVE;
				CLANG_WARN_UNREACHABLE_CODE = YES;
				CLANG_WARN__DUPLICATE_METHOD_MATCH = YES;
				COPY_PHASE_STRIP = NO;
				DEBUG_INFORMATION_FORMAT = dwarf;
				ENABLE_STRICT_OBJC_MSGSEND = YES;
				ENABLE_TESTABILITY = YES;
				ENABLE_USER_SCRIPT_SANDBOXING = YES;
				GCC_C_LANGUAGE_STANDARD = gnu17;
				GCC_DYNAMIC_NO_PIC = NO;
				GCC_NO_COMMON_BLOCKS = YES;
				GCC_OPTIMIZATION_LEVEL = 0;
				GCC_PREPROCESSOR_DEFINITIONS = (
					"DEBUG=1",
					"$(inherited)",
				);
				GCC_WARN_64_TO_32_BIT_CONVERSION = YES;
				GCC_WARN_ABOUT_RETURN_TYPE = YES_ERROR;
				GCC_WARN_UNDECLARED_SELECTOR = YES;
				GCC_WARN_UNINITIALIZED_AUTOS = YES_AGGRESSIVE;
				GCC_WARN_UNUSED_FUNCTION = YES;
				GCC_WARN_UNUSED_VARIABLE = YES;
				IPHONEOS_DEPLOYMENT_TARGET = 17.4;
				LOCALIZATION_PREFERS_STRING_CATALOGS = YES;
				MTL_ENABLE_DEBUG_INFO = INCLUDE_SOURCE;
				MTL_FAST_MATH = YES;
				ONLY_ACTIVE_ARCH = YES;
				SDKROOT = iphoneos;
				SWIFT_ACTIVE_COMPILATION_CONDITIONS = "DEBUG $(inherited)";
				SWIFT_OPTIMIZATION_LEVEL = "-Onone";
			};
			name = Debug;
		};
		BCD586782C6514AD005605D9 /* Release */ = {
			isa = XCBuildConfiguration;
			buildSettings = {
				ALWAYS_SEARCH_USER_PATHS = NO;
				ASSETCATALOG_COMPILER_GENERATE_SWIFT_ASSET_SYMBOL_EXTENSIONS = YES;
				CLANG_ANALYZER_NONNULL = YES;
				CLANG_ANALYZER_NUMBER_OBJECT_CONVERSION = YES_AGGRESSIVE;
				CLANG_CXX_LANGUAGE_STANDARD = "gnu++20";
				CLANG_ENABLE_MODULES = YES;
				CLANG_ENABLE_OBJC_ARC = YES;
				CLANG_ENABLE_OBJC_WEAK = YES;
				CLANG_WARN_BLOCK_CAPTURE_AUTORELEASING = YES;
				CLANG_WARN_BOOL_CONVERSION = YES;
				CLANG_WARN_COMMA = YES;
				CLANG_WARN_CONSTANT_CONVERSION = YES;
				CLANG_WARN_DEPRECATED_OBJC_IMPLEMENTATIONS = YES;
				CLANG_WARN_DIRECT_OBJC_ISA_USAGE = YES_ERROR;
				CLANG_WARN_DOCUMENTATION_COMMENTS = YES;
				CLANG_WARN_EMPTY_BODY = YES;
				CLANG_WARN_ENUM_CONVERSION = YES;
				CLANG_WARN_INFINITE_RECURSION = YES;
				CLANG_WARN_INT_CONVERSION = YES;
				CLANG_WARN_NON_LITERAL_NULL_CONVERSION = YES;
				CLANG_WARN_OBJC_IMPLICIT_RETAIN_SELF = YES;
				CLANG_WARN_OBJC_LITERAL_CONVERSION = YES;
				CLANG_WARN_OBJC_ROOT_CLASS = YES_ERROR;
				CLANG_WARN_QUOTED_INCLUDE_IN_FRAMEWORK_HEADER = YES;
				CLANG_WARN_RANGE_LOOP_ANALYSIS = YES;
				CLANG_WARN_STRICT_PROTOTYPES = YES;
				CLANG_WARN_SUSPICIOUS_MOVE = YES;
				CLANG_WARN_UNGUARDED_AVAILABILITY = YES_AGGRESSIVE;
				CLANG_WARN_UNREACHABLE_CODE = YES;
				CLANG_WARN__DUPLICATE_METHOD_MATCH = YES;
				COPY_PHASE_STRIP = NO;
				DEBUG_INFORMATION_FORMAT = "dwarf-with-dsym";
				ENABLE_NS_ASSERTIONS = NO;
				ENABLE_STRICT_OBJC_MSGSEND = YES;
				ENABLE_USER_SCRIPT_SANDBOXING = YES;
				GCC_C_LANGUAGE_STANDARD = gnu17;
				GCC_NO_COMMON_BLOCKS = YES;
				GCC_WARN_64_TO_32_BIT_CONVERSION = YES;
				GCC_WARN_ABOUT_RETURN_TYPE = YES_ERROR;
				GCC_WARN_UNDECLARED_SELECTOR = YES;
				GCC_WARN_UNINITIALIZED_AUTOS = YES_AGGRESSIVE;
				GCC_WARN_UNUSED_FUNCTION = YES;
				GCC_WARN_UNUSED_VARIABLE = YES;
				IPHONEOS_DEPLOYMENT_TARGET = 17.4;
				LOCALIZATION_PREFERS_STRING_CATALOGS = YES;
				MTL_ENABLE_DEBUG_INFO = NO;
				MTL_FAST_MATH = YES;
				SDKROOT = iphoneos;
				SWIFT_COMPILATION_MODE = wholemodule;
				VALIDATE_PRODUCT = YES;
			};
			name = Release;
		};
		BCD5867A2C6514AD005605D9 /* Debug */ = {
			isa = XCBuildConfiguration;
			buildSettings = {
				ASSETCATALOG_COMPILER_APPICON_NAME = AppIcon;
				ASSETCATALOG_COMPILER_GLOBAL_ACCENT_COLOR_NAME = AccentColor;
				CODE_SIGN_STYLE = Automatic;
				CURRENT_PROJECT_VERSION = 1;
				DEVELOPMENT_ASSET_PATHS = "\"MatchMate/Preview Content\"";
				ENABLE_PREVIEWS = YES;
				GENERATE_INFOPLIST_FILE = YES;
				INFOPLIST_KEY_UIApplicationSceneManifest_Generation = YES;
				INFOPLIST_KEY_UIApplicationSupportsIndirectInputEvents = YES;
				INFOPLIST_KEY_UILaunchScreen_Generation = YES;
				INFOPLIST_KEY_UISupportedInterfaceOrientations_iPad = "UIInterfaceOrientationPortrait UIInterfaceOrientationPortraitUpsideDown UIInterfaceOrientationLandscapeLeft UIInterfaceOrientationLandscapeRight";
				INFOPLIST_KEY_UISupportedInterfaceOrientations_iPhone = "UIInterfaceOrientationPortrait UIInterfaceOrientationLandscapeLeft UIInterfaceOrientationLandscapeRight";
				LD_RUNPATH_SEARCH_PATHS = (
					"$(inherited)",
					"@executable_path/Frameworks",
				);
				MARKETING_VERSION = 1.0;
				PRODUCT_BUNDLE_IDENTIFIER = shaadi.MatchMate;
				PRODUCT_NAME = "$(TARGET_NAME)";
				SWIFT_EMIT_LOC_STRINGS = YES;
				SWIFT_VERSION = 5.0;
				TARGETED_DEVICE_FAMILY = "1,2";
			};
			name = Debug;
		};
		BCD5867B2C6514AD005605D9 /* Release */ = {
			isa = XCBuildConfiguration;
			buildSettings = {
				ASSETCATALOG_COMPILER_APPICON_NAME = AppIcon;
				ASSETCATALOG_COMPILER_GLOBAL_ACCENT_COLOR_NAME = AccentColor;
				CODE_SIGN_STYLE = Automatic;
				CURRENT_PROJECT_VERSION = 1;
				DEVELOPMENT_ASSET_PATHS = "\"MatchMate/Preview Content\"";
				ENABLE_PREVIEWS = YES;
				GENERATE_INFOPLIST_FILE = YES;
				INFOPLIST_KEY_UIApplicationSceneManifest_Generation = YES;
				INFOPLIST_KEY_UIApplicationSupportsIndirectInputEvents = YES;
				INFOPLIST_KEY_UILaunchScreen_Generation = YES;
				INFOPLIST_KEY_UISupportedInterfaceOrientations_iPad = "UIInterfaceOrientationPortrait UIInterfaceOrientationPortraitUpsideDown UIInterfaceOrientationLandscapeLeft UIInterfaceOrientationLandscapeRight";
				INFOPLIST_KEY_UISupportedInterfaceOrientations_iPhone = "UIInterfaceOrientationPortrait UIInterfaceOrientationLandscapeLeft UIInterfaceOrientationLandscapeRight";
				LD_RUNPATH_SEARCH_PATHS = (
					"$(inherited)",
					"@executable_path/Frameworks",
				);
				MARKETING_VERSION = 1.0;
				PRODUCT_BUNDLE_IDENTIFIER = shaadi.MatchMate;
				PRODUCT_NAME = "$(TARGET_NAME)";
				SWIFT_EMIT_LOC_STRINGS = YES;
				SWIFT_VERSION = 5.0;
				TARGETED_DEVICE_FAMILY = "1,2";
			};
			name = Release;
		};
		BCD5867D2C6514AD005605D9 /* Debug */ = {
			isa = XCBuildConfiguration;
			buildSettings = {
				ALWAYS_EMBED_SWIFT_STANDARD_LIBRARIES = YES;
				BUNDLE_LOADER = "$(TEST_HOST)";
				CODE_SIGN_STYLE = Automatic;
				CURRENT_PROJECT_VERSION = 1;
				GENERATE_INFOPLIST_FILE = YES;
				IPHONEOS_DEPLOYMENT_TARGET = 17.4;
				MARKETING_VERSION = 1.0;
				PRODUCT_BUNDLE_IDENTIFIER = shaadi.MatchMateTests;
				PRODUCT_NAME = "$(TARGET_NAME)";
				SWIFT_EMIT_LOC_STRINGS = NO;
				SWIFT_VERSION = 5.0;
				TARGETED_DEVICE_FAMILY = "1,2";
				TEST_HOST = "$(BUILT_PRODUCTS_DIR)/MatchMate.app/$(BUNDLE_EXECUTABLE_FOLDER_PATH)/MatchMate";
			};
			name = Debug;
		};
		BCD5867E2C6514AD005605D9 /* Release */ = {
			isa = XCBuildConfiguration;
			buildSettings = {
				ALWAYS_EMBED_SWIFT_STANDARD_LIBRARIES = YES;
				BUNDLE_LOADER = "$(TEST_HOST)";
				CODE_SIGN_STYLE = Automatic;
				CURRENT_PROJECT_VERSION = 1;
				GENERATE_INFOPLIST_FILE = YES;
				IPHONEOS_DEPLOYMENT_TARGET = 17.4;
				MARKETING_VERSION = 1.0;
				PRODUCT_BUNDLE_IDENTIFIER = shaadi.MatchMateTests;
				PRODUCT_NAME = "$(TARGET_NAME)";
				SWIFT_EMIT_LOC_STRINGS = NO;
				SWIFT_VERSION = 5.0;
				TARGETED_DEVICE_FAMILY = "1,2";
				TEST_HOST = "$(BUILT_PRODUCTS_DIR)/MatchMate.app/$(BUNDLE_EXECUTABLE_FOLDER_PATH)/MatchMate";
			};
			name = Release;
		};
		BCD586802C6514AD005605D9 /* Debug */ = {
			isa = XCBuildConfiguration;
			buildSettings = {
				ALWAYS_EMBED_SWIFT_STANDARD_LIBRARIES = YES;
				CODE_SIGN_STYLE = Automatic;
				CURRENT_PROJECT_VERSION = 1;
				GENERATE_INFOPLIST_FILE = YES;
				MARKETING_VERSION = 1.0;
				PRODUCT_BUNDLE_IDENTIFIER = shaadi.MatchMateUITests;
				PRODUCT_NAME = "$(TARGET_NAME)";
				SWIFT_EMIT_LOC_STRINGS = NO;
				SWIFT_VERSION = 5.0;
				TARGETED_DEVICE_FAMILY = "1,2";
				TEST_TARGET_NAME = MatchMate;
			};
			name = Debug;
		};
		BCD586812C6514AD005605D9 /* Release */ = {
			isa = XCBuildConfiguration;
			buildSettings = {
				ALWAYS_EMBED_SWIFT_STANDARD_LIBRARIES = YES;
				CODE_SIGN_STYLE = Automatic;
				CURRENT_PROJECT_VERSION = 1;
				GENERATE_INFOPLIST_FILE = YES;
				MARKETING_VERSION = 1.0;
				PRODUCT_BUNDLE_IDENTIFIER = shaadi.MatchMateUITests;
				PRODUCT_NAME = "$(TARGET_NAME)";
				SWIFT_EMIT_LOC_STRINGS = NO;
				SWIFT_VERSION = 5.0;
				TARGETED_DEVICE_FAMILY = "1,2";
				TEST_TARGET_NAME = MatchMate;
			};
			name = Release;
		};
/* End XCBuildConfiguration section */

/* Begin XCConfigurationList section */
		BCD5864B2C6514A9005605D9 /* Build configuration list for PBXProject "MatchMate" */ = {
			isa = XCConfigurationList;
			buildConfigurations = (
				BCD586772C6514AD005605D9 /* Debug */,
				BCD586782C6514AD005605D9 /* Release */,
			);
			defaultConfigurationIsVisible = 0;
			defaultConfigurationName = Release;
		};
		BCD586792C6514AD005605D9 /* Build configuration list for PBXNativeTarget "MatchMate" */ = {
			isa = XCConfigurationList;
			buildConfigurations = (
				BCD5867A2C6514AD005605D9 /* Debug */,
				BCD5867B2C6514AD005605D9 /* Release */,
			);
			defaultConfigurationIsVisible = 0;
			defaultConfigurationName = Release;
		};
		BCD5867C2C6514AD005605D9 /* Build configuration list for PBXNativeTarget "MatchMateTests" */ = {
			isa = XCConfigurationList;
			buildConfigurations = (
				BCD5867D2C6514AD005605D9 /* Debug */,
				BCD5867E2C6514AD005605D9 /* Release */,
			);
			defaultConfigurationIsVisible = 0;
			defaultConfigurationName = Release;
		};
		BCD5867F2C6514AD005605D9 /* Build configuration list for PBXNativeTarget "MatchMateUITests" */ = {
			isa = XCConfigurationList;
			buildConfigurations = (
				BCD586802C6514AD005605D9 /* Debug */,
				BCD586812C6514AD005605D9 /* Release */,
			);
			defaultConfigurationIsVisible = 0;
			defaultConfigurationName = Release;
		};
/* End XCConfigurationList section */

/* Begin XCVersionGroup section */
		BCD5865E2C6514AC005605D9 /* MatchMate.xcdatamodeld */ = {
			isa = XCVersionGroup;
			children = (
				BCD5865F2C6514AC005605D9 /* MatchMate.xcdatamodel */,
			);
			currentVersion = BCD5865F2C6514AC005605D9 /* MatchMate.xcdatamodel */;
			path = MatchMate.xcdatamodeld;
			sourceTree = "<group>";
			versionGroupType = wrapper.xcdatamodel;
		};
/* End XCVersionGroup section */
	};
	rootObject = BCD586482C6514A9005605D9 /* Project object */;
}
